PODS:
  - Pozzito (1.1.0)
  - PozzitoUI (1.1.0):
    - Pozzito

DEPENDENCIES:
  - Pozzito
  - PozzitoUI

SPEC CHECKSUMS:
  Pozzito: 6542c51fbfec007114cf93a2c856f410ee22fbf2
  PozzitoUI: 3df64c20ed44d17f2dd36be36c16f7e4755065c8

PODFILE CHECKSUM: 8cf7c812592853b609501be432186359bad5da36

COCOAPODS: 1.2.1
